
Microsoft Visual Studio Solution File, Format Version 12.00
# Visual Studio Version 17
VisualStudioVersion = 17.5.33627.172
MinimumVisualStudioVersion = 10.0.40219.1
Project("{FAE04EC0-301F-11D3-BF4B-00C04F79EFBC}") = "func-parsesvc", "func-parsesvc\func-parsesvc.csproj", "{D305D3CA-DA07-45C0-89CF-810AC20C0A0C}"
EndProject
Global
	GlobalSection(SolutionConfigurationPlatforms) = preSolution
		Debug|Any CPU = Debug|Any CPU
		Release|Any CPU = Release|Any CPU
	EndGlobalSection
	GlobalSection(ProjectConfigurationPlatforms) = postSolution
		{D305D3CA-DA07-45C0-89CF-810AC20C0A0C}.Debug|Any CPU.ActiveCfg = Debug|Any CPU
		{D305D3CA-DA07-45C0-89CF-810AC20C0A0C}.Debug|Any CPU.Build.0 = Debug|Any CPU
		{D305D3CA-DA07-45C0-89CF-810AC20C0A0C}.Release|Any CPU.ActiveCfg = Release|Any CPU
		{D305D3CA-DA07-45C0-89CF-810AC20C0A0C}.Release|Any CPU.Build.0 = Release|Any CPU
	EndGlobalSection
	GlobalSection(SolutionProperties) = preSolution
		HideSolutionNode = FALSE
	EndGlobalSection
	GlobalSection(ExtensibilityGlobals) = postSolution
		SolutionGuid = {0F6EB635-BE39-4212-B2B7-F9DD8CC445FF}
	EndGlobalSection
EndGlobal
