
Microsoft Visual Studio Solution File, Format Version 12.00
# Visual Studio Version 17
VisualStudioVersion = 17.5.33627.172
MinimumVisualStudioVersion = 10.0.40219.1
Project("{9A19103F-16F7-4668-BE54-9A1E7A4F7556}") = "func-parsesvc", "func-parsesvc\func-parsesvc.csproj", "{D305D3CA-DA07-45C0-89CF-810AC20C0A0C}"
EndProject
Project("{9A19103F-16F7-4668-BE54-9A1E7A4F7556}") = "FunctionLib", "FunctionLib\FunctionLib.csproj", "{5B7E5769-4340-4322-BE4C-49F424A118E8}"
EndProject
Project("{9A19103F-16F7-4668-BE54-9A1E7A4F7556}") = "Tests", "Tests\Tests.csproj", "{33615DCB-B67E-471D-B260-677F6CE9AF8C}"
EndProject
Global
	GlobalSection(SolutionConfigurationPlatforms) = preSolution
		Debug|Any CPU = Debug|Any CPU
		Release|Any CPU = Release|Any CPU
	EndGlobalSection
	GlobalSection(ProjectConfigurationPlatforms) = postSolution
		{D305D3CA-DA07-45C0-89CF-810AC20C0A0C}.Debug|Any CPU.ActiveCfg = Debug|Any CPU
		{D305D3CA-DA07-45C0-89CF-810AC20C0A0C}.Debug|Any CPU.Build.0 = Debug|Any CPU
		{D305D3CA-DA07-45C0-89CF-810AC20C0A0C}.Release|Any CPU.ActiveCfg = Release|Any CPU
		{D305D3CA-DA07-45C0-89CF-810AC20C0A0C}.Release|Any CPU.Build.0 = Release|Any CPU
		{5B7E5769-4340-4322-BE4C-49F424A118E8}.Debug|Any CPU.ActiveCfg = Debug|Any CPU
		{5B7E5769-4340-4322-BE4C-49F424A118E8}.Debug|Any CPU.Build.0 = Debug|Any CPU
		{5B7E5769-4340-4322-BE4C-49F424A118E8}.Release|Any CPU.ActiveCfg = Release|Any CPU
		{5B7E5769-4340-4322-BE4C-49F424A118E8}.Release|Any CPU.Build.0 = Release|Any CPU
		{33615DCB-B67E-471D-B260-677F6CE9AF8C}.Debug|Any CPU.ActiveCfg = Debug|Any CPU
		{33615DCB-B67E-471D-B260-677F6CE9AF8C}.Debug|Any CPU.Build.0 = Debug|Any CPU
		{33615DCB-B67E-471D-B260-677F6CE9AF8C}.Release|Any CPU.ActiveCfg = Release|Any CPU
		{33615DCB-B67E-471D-B260-677F6CE9AF8C}.Release|Any CPU.Build.0 = Release|Any CPU
	EndGlobalSection
	GlobalSection(SolutionProperties) = preSolution
		HideSolutionNode = FALSE
	EndGlobalSection
	GlobalSection(ExtensibilityGlobals) = postSolution
		SolutionGuid = {0F6EB635-BE39-4212-B2B7-F9DD8CC445FF}
	EndGlobalSection
EndGlobal
